
Microsoft Visual Studio Solution File, Format Version 12.00
# Visual Studio Version 16
VisualStudioVersion = 16.0.31112.23
MinimumVisualStudioVersion = 10.0.40219.1
Project("{9A19103F-16F7-4668-BE54-9A1E7A4F7556}") = "Study.DI", "Study.DI\Study.DI.csproj", "{920A6BD3-D480-4328-BEB1-B18744B122B8}"
EndProject
Project("{9A19103F-16F7-4668-BE54-9A1E7A4F7556}") = "Study.Services", "Study.Services\Study.Services.csproj", "{162CB874-871B-4AB6-BF81-0085E88E7DE4}"
EndProject
Project("{9A19103F-16F7-4668-BE54-9A1E7A4F7556}") = "Study.Core", "Study.Core\Study.Core.csproj", "{2928E064-E69F-4D29-94C1-1A6F6A974723}"
EndProject
Project("{FAE04EC0-301F-11D3-BF4B-00C04F79EFBC}") = "AutoDI", "AutoDI\AutoDI.csproj", "{FFE97F70-1498-40B0-911E-0F349B434156}"
EndProject
Global
	GlobalSection(SolutionConfigurationPlatforms) = preSolution
		Debug|Any CPU = Debug|Any CPU
		Release|Any CPU = Release|Any CPU
	EndGlobalSection
	GlobalSection(ProjectConfigurationPlatforms) = postSolution
		{920A6BD3-D480-4328-BEB1-B18744B122B8}.Debug|Any CPU.ActiveCfg = Debug|Any CPU
		{920A6BD3-D480-4328-BEB1-B18744B122B8}.Debug|Any CPU.Build.0 = Debug|Any CPU
		{920A6BD3-D480-4328-BEB1-B18744B122B8}.Release|Any CPU.ActiveCfg = Release|Any CPU
		{920A6BD3-D480-4328-BEB1-B18744B122B8}.Release|Any CPU.Build.0 = Release|Any CPU
		{162CB874-871B-4AB6-BF81-0085E88E7DE4}.Debug|Any CPU.ActiveCfg = Debug|Any CPU
		{162CB874-871B-4AB6-BF81-0085E88E7DE4}.Debug|Any CPU.Build.0 = Debug|Any CPU
		{162CB874-871B-4AB6-BF81-0085E88E7DE4}.Release|Any CPU.ActiveCfg = Release|Any CPU
		{162CB874-871B-4AB6-BF81-0085E88E7DE4}.Release|Any CPU.Build.0 = Release|Any CPU
		{2928E064-E69F-4D29-94C1-1A6F6A974723}.Debug|Any CPU.ActiveCfg = Debug|Any CPU
		{2928E064-E69F-4D29-94C1-1A6F6A974723}.Debug|Any CPU.Build.0 = Debug|Any CPU
		{2928E064-E69F-4D29-94C1-1A6F6A974723}.Release|Any CPU.ActiveCfg = Release|Any CPU
		{2928E064-E69F-4D29-94C1-1A6F6A974723}.Release|Any CPU.Build.0 = Release|Any CPU
		{FFE97F70-1498-40B0-911E-0F349B434156}.Debug|Any CPU.ActiveCfg = Debug|Any CPU
		{FFE97F70-1498-40B0-911E-0F349B434156}.Debug|Any CPU.Build.0 = Debug|Any CPU
		{FFE97F70-1498-40B0-911E-0F349B434156}.Release|Any CPU.ActiveCfg = Release|Any CPU
		{FFE97F70-1498-40B0-911E-0F349B434156}.Release|Any CPU.Build.0 = Release|Any CPU
	EndGlobalSection
	GlobalSection(SolutionProperties) = preSolution
		HideSolutionNode = FALSE
	EndGlobalSection
	GlobalSection(ExtensibilityGlobals) = postSolution
		SolutionGuid = {1E5A9F94-4230-4B80-A3AF-5B44581318B8}
	EndGlobalSection
EndGlobal
